<?xml version="1.0" encoding="utf-8"?>
<Project ToolsVersion="4.0" xmlns="http://schemas.microsoft.com/developer/msbuild/2003">
  <ItemGroup>
    <Filter Include="Source Files">
      <UniqueIdentifier>{4FC737F1-C7A5-4376-A066-2A32D752A2FF}</UniqueIdentifier>
      <Extensions>cpp;c;cc;cxx;c++;cppm;ixx;def;odl;idl;hpj;bat;asm;asmx</Extensions>
    </Filter>
    <Filter Include="Header Files">
      <UniqueIdentifier>{93995380-89BD-4b04-88EB-625FBE52EBFB}</UniqueIdentifier>
      <Extensions>h;hh;hpp;hxx;h++;hm;inl;inc;ipp;xsd</Extensions>
    </Filter>
    <Filter Include="Resource Files">
      <UniqueIdentifier>{67DA6AB6-F800-4c08-8B7A-83BB121AAD01}</UniqueIdentifier>
      <Extensions>rc;ico;cur;bmp;dlg;rc2;rct;bin;rgs;gif;jpg;jpeg;jpe;resx;tiff;tif;png;wav;mfcribbon-ms</Extensions>
    </Filter>
    <Filter Include="Source Files\Utils">
      <UniqueIdentifier>{de0e9b37-86eb-472f-8c07-20c7e6800f43}</UniqueIdentifier>
    </Filter>
    <Filter Include="Header Files\Utils">
      <UniqueIdentifier>{4dab8175-c77d-46dc-a6a5-7292288a1e08}</UniqueIdentifier>
    </Filter>
    <Filter Include="Header Files\Engine">
      <UniqueIdentifier>{d389810e-6554-4c1e-9f3e-eb57c41d7927}</UniqueIdentifier>
    </Filter>
    <Filter Include="Source Files\Engine">
      <UniqueIdentifier>{88ae5882-6b3c-43b8-b96f-6bbbf029bae2}</UniqueIdentifier>
    </Filter>
    <Filter Include="Source Files\Engine\Objects">
      <UniqueIdentifier>{234acfda-d9e8-4561-8d75-5effae4d6448}</UniqueIdentifier>
    </Filter>
    <Filter Include="Source Files\Engine\Services">
      <UniqueIdentifier>{11477782-6484-48cd-aa3d-1b7c2720d1ca}</UniqueIdentifier>
    </Filter>
    <Filter Include="Header Files\Engine\Services">
      <UniqueIdentifier>{7f36b24a-30b9-43de-bec6-7cc177f5a327}</UniqueIdentifier>
    </Filter>
    <Filter Include="Header Files\Game">
      <UniqueIdentifier>{fe9f9637-bfae-4253-8a84-704a7016ea2c}</UniqueIdentifier>
    </Filter>
    <Filter Include="Header Files\Game\Services">
      <UniqueIdentifier>{8f813f32-758d-4325-9105-72b7618d3c5c}</UniqueIdentifier>
    </Filter>
    <Filter Include="Header Files\Game\Game Objects">
      <UniqueIdentifier>{dd457bb6-ff0e-48f8-9f75-7392f3ab0505}</UniqueIdentifier>
    </Filter>
    <Filter Include="Source Files\Game">
      <UniqueIdentifier>{f40d3d3c-d807-4e50-af71-bfef4c17397e}</UniqueIdentifier>
    </Filter>
    <Filter Include="Source Files\Game\Services">
      <UniqueIdentifier>{99046660-9993-4ea1-8ed0-494ba2b01f14}</UniqueIdentifier>
    </Filter>
    <Filter Include="Source Files\Game\Game Objects">
      <UniqueIdentifier>{3651ec91-8ee7-48d2-89ae-d04c0ed46d14}</UniqueIdentifier>
    </Filter>
    <Filter Include="Header Files\Engine\IO">
      <UniqueIdentifier>{4977c08b-c631-4429-b315-2963438f05e9}</UniqueIdentifier>
    </Filter>
    <Filter Include="Source Files\Engine\IO">
      <UniqueIdentifier>{6ed156b5-a475-4863-bf94-7c307fac3567}</UniqueIdentifier>
    </Filter>
    <Filter Include="Header Files\Engine\Objects">
      <UniqueIdentifier>{50d395c7-9d52-4cc4-ac8c-02b0500fed98}</UniqueIdentifier>
    </Filter>
    <Filter Include="Header Files\Game\Items">
      <UniqueIdentifier>{656e0e6f-2c71-4386-af7b-d401e9dfce65}</UniqueIdentifier>
    </Filter>
    <Filter Include="Source Files\Game\Items">
      <UniqueIdentifier>{9d4601f6-7177-49c5-85fb-8cdd28a77eba}</UniqueIdentifier>
    </Filter>
  </ItemGroup>
  <ItemGroup>
    <ClCompile Include="RandUtil.cpp">
      <Filter>Source Files\Utils</Filter>
    </ClCompile>
    <ClCompile Include="gametimer.cpp">
      <Filter>Source Files\Engine</Filter>
    </ClCompile>
    <ClCompile Include="Shapes.cpp">
      <Filter>Source Files\Engine</Filter>
    </ClCompile>
    <ClCompile Include="vector2D.cpp">
      <Filter>Source Files\Engine</Filter>
    </ClCompile>
    <ClCompile Include="camera.cpp">
      <Filter>Source Files\Engine</Filter>
    </ClCompile>
    <ClCompile Include="wincode.cpp">
      <Filter>Source Files\Engine</Filter>
    </ClCompile>
    <ClCompile Include="GameObject.cpp">
      <Filter>Source Files\Engine\Objects</Filter>
    </ClCompile>
    <ClCompile Include="MovingGameObject.cpp">
      <Filter>Source Files\Engine\Objects</Filter>
    </ClCompile>
    <ClCompile Include="ErrorLogger.cpp">
      <Filter>Source Files\Utils</Filter>
    </ClCompile>
    <ClCompile Include="ObjectManager.cpp">
      <Filter>Source Files\Engine\Services</Filter>
    </ClCompile>
    <ClCompile Include="ServiceManager.cpp">
      <Filter>Source Files\Engine\Services</Filter>
    </ClCompile>
    <ClCompile Include="GameObjectFactory.cpp">
      <Filter>Source Files\Engine\Services</Filter>
    </ClCompile>
    <ClCompile Include="DungeonServiceManager.cpp">
      <Filter>Source Files\Game\Services</Filter>
    </ClCompile>
    <ClCompile Include="DungeonObjectFactory.cpp">
      <Filter>Source Files\Game\Services</Filter>
    </ClCompile>
    <ClCompile Include="SFXManager.cpp">
      <Filter>Source Files\Engine\Services</Filter>
    </ClCompile>
    <ClCompile Include="gamecode.cpp">
      <Filter>Source Files\Game</Filter>
    </ClCompile>
    <ClCompile Include="DungeonSFXManager.cpp">
      <Filter>Source Files\Game\Services</Filter>
    </ClCompile>
    <ClCompile Include="EventManager.cpp">
      <Filter>Source Files\Engine\Services</Filter>
    </ClCompile>
    <ClCompile Include="GameManager.cpp">
      <Filter>Source Files\Engine\Services</Filter>
    </ClCompile>
    <ClCompile Include="DungeonGameManager.cpp">
      <Filter>Source Files\Game\Services</Filter>
    </ClCompile>
    <ClCompile Include="Service.cpp">
      <Filter>Source Files\Engine\Services</Filter>
    </ClCompile>
    <ClCompile Include="mydrawengine.cpp">
      <Filter>Source Files\Engine\IO</Filter>
    </ClCompile>
    <ClCompile Include="myinputs.cpp">
      <Filter>Source Files\Engine\IO</Filter>
    </ClCompile>
    <ClCompile Include="mysoundengine.cpp">
      <Filter>Source Files\Engine\IO</Filter>
    </ClCompile>
    <ClCompile Include="Menu.cpp">
      <Filter>Source Files\Engine</Filter>
    </ClCompile>
    <ClCompile Include="Knight.cpp">
      <Filter>Source Files\Game\Game Objects</Filter>
    </ClCompile>
    <ClCompile Include="Enemy.cpp">
      <Filter>Source Files\Game\Game Objects</Filter>
    </ClCompile>
    <ClCompile Include="Creature.cpp">
      <Filter>Source Files\Game\Game Objects</Filter>
    </ClCompile>
    <ClCompile Include="Orc.cpp">
      <Filter>Source Files\Game\Game Objects</Filter>
    </ClCompile>
    <ClCompile Include="Weapon.cpp">
      <Filter>Source Files\Game\Items</Filter>
    </ClCompile>
    <ClCompile Include="Sword.cpp">
      <Filter>Source Files\Game\Items</Filter>
    </ClCompile>
    <ClCompile Include="Attack.cpp">
      <Filter>Source Files\Game\Game Objects</Filter>
    </ClCompile>
    <ClCompile Include="MousePointer.cpp">
      <Filter>Source Files\Engine\Services</Filter>
    </ClCompile>
    <ClCompile Include="Club.cpp">
      <Filter>Source Files\Game\Items</Filter>
    </ClCompile>
    <ClCompile Include="MeleeWeapon.cpp">
      <Filter>Source Files\Game\Items</Filter>
    </ClCompile>
    <ClCompile Include="StringUtil.cpp">
      <Filter>Source Files\Utils</Filter>
    </ClCompile>
  </ItemGroup>
  <ItemGroup>
    <ClInclude Include="RandUtil.h">
      <Filter>Header Files\Utils</Filter>
    </ClInclude>
    <ClInclude Include="camera.h">
      <Filter>Header Files\Engine</Filter>
    </ClInclude>
    <ClInclude Include="errortype.h">
      <Filter>Header Files\Engine</Filter>
    </ClInclude>
    <ClInclude Include="gametimer.h">
      <Filter>Header Files\Engine</Filter>
    </ClInclude>
    <ClInclude Include="Shapes.h">
      <Filter>Header Files\Engine</Filter>
    </ClInclude>
    <ClInclude Include="vector2D.h">
      <Filter>Header Files\Engine</Filter>
    </ClInclude>
    <ClInclude Include="GameObject.h">
      <Filter>Header Files\Engine\Objects</Filter>
    </ClInclude>
    <ClInclude Include="MovingGameObject.h">
      <Filter>Header Files\Engine\Objects</Filter>
    </ClInclude>
    <ClInclude Include="ErrorLogger.h">
      <Filter>Header Files\Utils</Filter>
    </ClInclude>
    <ClInclude Include="GameObjectFactory.h">
      <Filter>Header Files\Engine\Services</Filter>
    </ClInclude>
    <ClInclude Include="ObjectManager.h">
      <Filter>Header Files\Engine\Services</Filter>
    </ClInclude>
    <ClInclude Include="ServiceManager.h">
      <Filter>Header Files\Engine\Services</Filter>
    </ClInclude>
    <ClInclude Include="ICollidableObject.h">
      <Filter>Header Files\Engine\Objects</Filter>
    </ClInclude>
    <ClInclude Include="SFXManager.h">
      <Filter>Header Files\Engine\Services</Filter>
    </ClInclude>
    <ClInclude Include="DungeonServiceManager.h">
      <Filter>Header Files\Game\Services</Filter>
    </ClInclude>
    <ClInclude Include="DungeonObjectFactory.h">
      <Filter>Header Files\Game\Services</Filter>
    </ClInclude>
    <ClInclude Include="gamecode.h">
      <Filter>Header Files\Game</Filter>
    </ClInclude>
    <ClInclude Include="DungeonSFXManager.h">
      <Filter>Header Files\Game\Services</Filter>
    </ClInclude>
    <ClInclude Include="Event.h">
      <Filter>Header Files\Engine</Filter>
    </ClInclude>
    <ClInclude Include="EventManager.h">
      <Filter>Header Files\Engine\Services</Filter>
    </ClInclude>
    <ClInclude Include="GameManager.h">
      <Filter>Header Files\Engine\Services</Filter>
    </ClInclude>
    <ClInclude Include="DungeonGameManager.h">
      <Filter>Header Files\Game\Services</Filter>
    </ClInclude>
    <ClInclude Include="Service.h">
      <Filter>Header Files\Engine\Services</Filter>
    </ClInclude>
    <ClInclude Include="mydrawengine.h">
      <Filter>Header Files\Engine\IO</Filter>
    </ClInclude>
    <ClInclude Include="myinputs.h">
      <Filter>Header Files\Engine\IO</Filter>
    </ClInclude>
    <ClInclude Include="mysoundengine.h">
      <Filter>Header Files\Engine\IO</Filter>
    </ClInclude>
    <ClInclude Include="Menu.h">
      <Filter>Header Files\Engine</Filter>
    </ClInclude>
    <ClInclude Include="ObjectType.h">
      <Filter>Header Files\Game</Filter>
    </ClInclude>
    <ClInclude Include="EventType.h">
      <Filter>Header Files\Game</Filter>
    </ClInclude>
    <ClInclude Include="Knight.h">
      <Filter>Header Files\Game\Game Objects</Filter>
    </ClInclude>
    <ClInclude Include="Enemy.h">
      <Filter>Header Files\Game\Game Objects</Filter>
    </ClInclude>
    <ClInclude Include="Creature.h">
      <Filter>Header Files\Game\Game Objects</Filter>
    </ClInclude>
    <ClInclude Include="Orc.h">
      <Filter>Header Files\Game\Game Objects</Filter>
    </ClInclude>
    <ClInclude Include="Weapon.h">
      <Filter>Header Files\Game\Items</Filter>
    </ClInclude>
    <ClInclude Include="Sword.h">
      <Filter>Header Files\Game\Items</Filter>
    </ClInclude>
    <ClInclude Include="Attack.h">
      <Filter>Header Files\Game\Game Objects</Filter>
    </ClInclude>
    <ClInclude Include="MousePointer.h">
      <Filter>Header Files\Engine\Services</Filter>
    </ClInclude>
    <ClInclude Include="Club.h">
      <Filter>Header Files\Game\Items</Filter>
    </ClInclude>
    <ClInclude Include="MeleeWeapon.h">
      <Filter>Header Files</Filter>
    </ClInclude>
    <ClInclude Include="StringUtil.h">
      <Filter>Header Files\Utils</Filter>
    </ClInclude>
  </ItemGroup>
</Project>